
Microsoft Visual Studio Solution File, Format Version 12.00
# Visual Studio Version 17
VisualStudioVersion = 17.4.33403.182
MinimumVisualStudioVersion = 10.0.40219.1
Project("{FAE04EC0-301F-11D3-BF4B-00C04F79EFBC}") = "TO_DO-BD", "TO_DO-BD\TO_DO-BD.csproj", "{9A54DF1D-68AB-4F19-BB0D-51E3294F0747}"
EndProject
Global
	GlobalSection(SolutionConfigurationPlatforms) = preSolution
		Debug|Any CPU = Debug|Any CPU
		Release|Any CPU = Release|Any CPU
	EndGlobalSection
	GlobalSection(ProjectConfigurationPlatforms) = postSolution
		{9A54DF1D-68AB-4F19-BB0D-51E3294F0747}.Debug|Any CPU.ActiveCfg = Debug|Any CPU
		{9A54DF1D-68AB-4F19-BB0D-51E3294F0747}.Debug|Any CPU.Build.0 = Debug|Any CPU
		{9A54DF1D-68AB-4F19-BB0D-51E3294F0747}.Release|Any CPU.ActiveCfg = Release|Any CPU
		{9A54DF1D-68AB-4F19-BB0D-51E3294F0747}.Release|Any CPU.Build.0 = Release|Any CPU
	EndGlobalSection
	GlobalSection(SolutionProperties) = preSolution
		HideSolutionNode = FALSE
	EndGlobalSection
	GlobalSection(ExtensibilityGlobals) = postSolution
		SolutionGuid = {A0EDEF3A-7294-4E93-A9A0-9937154F99D4}
	EndGlobalSection
EndGlobal
